{
  "requires": true,
  "lockfileVersion": 1,
  "dependencies": {
    "@elastic/workplace-search-node": {
      "version": "0.4.0",
      "resolved": "http://artifactory.dev.gov.sg/artifactory/api/npm/common-npm/@elastic%2fworkplace-search-node/-/workplace-search-node-0.4.0.tgz",
      "integrity": "sha1-9Nw8azZUvcUtovGTzuRVaLBSxec=",
      "requires": {
        "simple-get": "^3.0.3"
      }
    },
    "decompress-response": {
      "version": "4.2.1",
      "resolved": "http://artifactory.dev.gov.sg/artifactory/api/npm/common-npm/decompress-response/-/decompress-response-4.2.1.tgz",
      "integrity": "sha1-QUAjzHowLaJc4uyC0NUjjMr9iYY=",
      "requires": {
        "mimic-response": "^2.0.0"
      }
    },
    "mimic-response": {
      "version": "2.1.0",
      "resolved": "http://artifactory.dev.gov.sg/artifactory/api/npm/common-npm/mimic-response/-/mimic-response-2.1.0.tgz",
      "integrity": "sha1-0Tdj019hPQnsN+uzC6wEacDuj0M="
    },
    "once": {
      "version": "1.4.0",
      "resolved": "http://artifactory.dev.gov.sg/artifactory/api/npm/common-npm/.npm/@ckeditor/once/-/once-1.4.0.tgz",
      "integrity": "sha1-WDsap3WWHUsROsF9nFC6753Xa9E=",
      "requires": {
        "wrappy": "1"
      }
    },
    "simple-concat": {
      "version": "1.0.1",
      "resolved": "http://artifactory.dev.gov.sg/artifactory/api/npm/common-npm/simple-concat/-/simple-concat-1.0.1.tgz",
      "integrity": "sha1-9Gl2CCujXCJj8cirXt/ibEHJVS8="
    },
    "simple-get": {
      "version": "3.1.0",
      "resolved": "http://artifactory.dev.gov.sg/artifactory/api/npm/common-npm/simple-get/-/simple-get-3.1.0.tgz",
      "integrity": "sha1-tFvgYkNeUNFZVAtXYgLO7EC5xrM=",
      "requires": {
        "decompress-response": "^4.2.0",
        "once": "^1.3.1",
        "simple-concat": "^1.0.0"
      }
    },
    "wrappy": {
      "version": "1.0.2",
      "resolved": "http://artifactory.dev.gov.sg/artifactory/api/npm/common-npm/.npm/@ckeditor/wrappy/-/wrappy-1.0.2.tgz",
      "integrity": "sha1-tSQ9jz7BqjXxNkYFvA0QNuMKtp8="
    }
  }
}
